{
    "_meta": {
        "hash": {
            "sha256": "e8f65c8e806fa3a6cda79abcb68b0a100d3cd6f990c9eb19d2668e69e0b37836"
        },
        "pipfile-spec": 6,
        "requires": {
            "python_version": "3.11"
        },
        "sources": [
            {
                "name": "pypi",
                "url": "https://pypi.org/simple",
                "verify_ssl": true
            }
        ]
    },
    "default": {
        "altgraph": {
            "hashes": [
                "sha256:1b5afbb98f6c4dcadb2e2ae6ab9fa994bbb8c1d75f4fa96d340f9437ae454406",
                "sha256:642743b4750de17e655e6711601b077bc6598dbfa3ba5fa2b2a35ce12b508dff"
            ],
            "version": "==0.17.4"
        },
        "autopep8": {
            "hashes": [
                "sha256:1fa8964e4618929488f4ec36795c7ff12924a68b8bf01366c094fc52f770b6e7",
                "sha256:2bb76888c5edbcafe6aabab3c47ba534f5a2c2d245c2eddced4a30c4b4946357"
            ],
            "index": "pypi",
            "version": "==2.1.0"
        },
        "colorama": {
            "hashes": [
                "sha256:08695f5cb7ed6e0531a20572697297273c47b8cae5a63ffc6d6ed5c201be6e44",
                "sha256:4f1d9991f5acc0ca119f9d443620b77f9d6b33703e51011c16baf57afb285fc6"
            ],
            "markers": "sys_platform == 'win32'",
            "version": "==0.4.6"
        },
        "coverage": {
            "hashes": [
                "sha256:075299460948cd12722a970c7eae43d25d37989da682997687b34ae6b87c0ef0",
                "sha256:07dfdd492d645eea1bd70fb1d6febdcf47db178b0d99161d8e4eed18e7f62fe7",
                "sha256:0cbdf2cae14a06827bec50bd58e49249452d211d9caddd8bd80e35b53cb04631",
                "sha256:2055c4fb9a6ff624253d432aa471a37202cd8f458c033d6d989be4499aed037b",
                "sha256:262fffc1f6c1a26125d5d573e1ec379285a3723363f3bd9c83923c9593a2ac25",
                "sha256:280132aada3bc2f0fac939a5771db4fbb84f245cb35b94fae4994d4c1f80dae7",
                "sha256:2b57780b51084d5223eee7b59f0d4911c31c16ee5aa12737c7a02455829ff067",
                "sha256:2bd7065249703cbeb6d4ce679c734bef0ee69baa7bff9724361ada04a15b7e3b",
                "sha256:3235d7c781232e525b0761730e052388a01548bd7f67d0067a253887c6e8df46",
                "sha256:33c020d3322662e74bc507fb11488773a96894aa82a622c35a5a28673c0c26f5",
                "sha256:357754dcdfd811462a725e7501a9b4556388e8ecf66e79df6f4b988fa3d0b39a",
                "sha256:39793731182c4be939b4be0cdecde074b833f6171313cf53481f869937129ed3",
                "sha256:3c2b77f295edb9fcdb6a250f83e6481c679335ca7e6e4a955e4290350f2d22a4",
                "sha256:41327143c5b1d715f5f98a397608f90ab9ebba606ae4e6f3389c2145410c52b1",
                "sha256:427e1e627b0963ac02d7c8730ca6d935df10280d230508c0ba059505e9233475",
                "sha256:432949a32c3e3f820af808db1833d6d1631664d53dd3ce487aa25d574e18ad1c",
                "sha256:4ba01d9ba112b55bfa4b24808ec431197bb34f09f66f7cb4fd0258ff9d3711b1",
                "sha256:4d0e206259b73af35c4ec1319fd04003776e11e859936658cb6ceffdeba0f5be",
                "sha256:51431d0abbed3a868e967f8257c5faf283d41ec882f58413cf295a389bb22e58",
                "sha256:565b2e82d0968c977e0b0f7cbf25fd06d78d4856289abc79694c8edcce6eb2de",
                "sha256:6782cd6216fab5a83216cc39f13ebe30adfac2fa72688c5a4d8d180cd52e8f6a",
                "sha256:6afd2e84e7da40fe23ca588379f815fb6dbbb1b757c883935ed11647205111cb",
                "sha256:710c62b6e35a9a766b99b15cdc56d5aeda0914edae8bb467e9c355f75d14ee95",
                "sha256:84921b10aeb2dd453247fd10de22907984eaf80901b578a5cf0bb1e279a587cb",
                "sha256:85a5dbe1ba1bf38d6c63b6d2c42132d45cbee6d9f0c51b52c59aa4afba057517",
                "sha256:9c6384cc90e37cfb60435bbbe0488444e54b98700f727f16f64d8bfda0b84656",
                "sha256:9dd88fce54abbdbf4c42fb1fea0e498973d07816f24c0e27a1ecaf91883ce69e",
                "sha256:a81eb64feded34f40c8986869a2f764f0fe2db58c0530d3a4afbcde50f314880",
                "sha256:a898c11dca8f8c97b467138004a30133974aacd572818c383596f8d5b2eb04a9",
                "sha256:a9960dd1891b2ddf13a7fe45339cd59ecee3abb6b8326d8b932d0c5da208104f",
                "sha256:a9a7ef30a1b02547c1b23fa9a5564f03c9982fc71eb2ecb7f98c96d7a0db5cf2",
                "sha256:ad97ec0da94b378e593ef532b980c15e377df9b9608c7c6da3506953182398af",
                "sha256:adf032b6c105881f9d77fa17d9eebe0ad1f9bfb2ad25777811f97c5362aa07f2",
                "sha256:bbfe6389c5522b99768a93d89aca52ef92310a96b99782973b9d11e80511f932",
                "sha256:bd4bacd62aa2f1a1627352fe68885d6ee694bdaebb16038b6e680f2924a9b2cc",
                "sha256:bf0b4b8d9caa8d64df838e0f8dcf68fb570c5733b726d1494b87f3da85db3a2d",
                "sha256:c379cdd3efc0658e652a14112d51a7668f6bfca7445c5a10dee7eabecabba19d",
                "sha256:c58536f6892559e030e6924896a44098bc1290663ea12532c78cef71d0df8493",
                "sha256:cbe6581fcff7c8e262eb574244f81f5faaea539e712a058e6707a9d272fe5b64",
                "sha256:ced268e82af993d7801a9db2dbc1d2322e786c5dc76295d8e89473d46c6b84d4",
                "sha256:cf3539007202ebfe03923128fedfdd245db5860a36810136ad95a564a2fdffff",
                "sha256:cf62d17310f34084c59c01e027259076479128d11e4661bb6c9acb38c5e19bb8",
                "sha256:d0194d654e360b3e6cc9b774e83235bae6b9b2cac3be09040880bb0e8a88f4a1",
                "sha256:d3d117890b6eee85887b1eed41eefe2e598ad6e40523d9f94c4c4b213258e4a4",
                "sha256:db2de4e546f0ec4b2787d625e0b16b78e99c3e21bc1722b4977c0dddf11ca84e",
                "sha256:e768d870801f68c74c2b669fc909839660180c366501d4cc4b87efd6b0eee375",
                "sha256:e7c211f25777746d468d76f11719e64acb40eed410d81c26cefac641975beb88",
                "sha256:eed462b4541c540d63ab57b3fc69e7d8c84d5957668854ee4e408b50e92ce26a",
                "sha256:f0bfe42523893c188e9616d853c47685e1c575fe25f737adf473d0405dcfa7eb",
                "sha256:f609ebcb0242d84b7adeee2b06c11a2ddaec5464d21888b2c8255f5fd6a98ae4",
                "sha256:fea9d3ca80bcf17edb2c08a4704259dadac196fe5e9274067e7a20511fad1743",
                "sha256:fed7a72d54bd52f4aeb6c6e951f363903bd7d70bc1cad64dd1f087980d309ab9"
            ],
            "index": "pypi",
            "version": "==7.5.0"
        },
        "flake8": {
            "hashes": [
                "sha256:33f96621059e65eec474169085dc92bf26e7b2d47366b70be2f67ab80dc25132",
                "sha256:a6dfbb75e03252917f2473ea9653f7cd799c3064e54d4c8140044c5c065f53c3"
            ],
            "index": "pypi",
            "version": "==7.0.0"
        },
        "iniconfig": {
            "hashes": [
                "sha256:2d91e135bf72d31a410b17c16da610a82cb55f6b0477d1a902134b24a455b8b3",
                "sha256:b6a85871a79d2e3b22d2d1b94ac2824226a63c6b741c88f7ae975f18b6778374"
            ],
            "markers": "python_version >= '3.7'",
            "version": "==2.0.0"
        },
        "mccabe": {
            "hashes": [
                "sha256:348e0240c33b60bbdf4e523192ef919f28cb2c3d7d5c7794f74009290f236325",
                "sha256:6c2d30ab6be0e4a46919781807b4f0d834ebdd6c6e3dca0bda5a15f863427b6e"
            ],
            "markers": "python_version >= '3.6'",
            "version": "==0.7.0"
        },
        "mock": {
            "hashes": [
                "sha256:18c694e5ae8a208cdb3d2c20a993ca1a7b0efa258c247a1e565150f477f83744",
                "sha256:5e96aad5ccda4718e0a229ed94b2024df75cc2d55575ba5762d31f5767b8767d"
            ],
            "index": "pypi",
            "version": "==5.1.0"
        },
        "packaging": {
            "hashes": [
                "sha256:2ddfb553fdf02fb784c234c7ba6ccc288296ceabec964ad2eae3777778130bc5",
                "sha256:eb82c5e3e56209074766e6885bb04b8c38a0c015d0a30036ebe7ece34c9989e9"
            ],
            "markers": "python_version >= '3.7'",
            "version": "==24.0"
        },
        "pefile": {
            "hashes": [
                "sha256:82e6114004b3d6911c77c3953e3838654b04511b8b66e8583db70c65998017dc",
                "sha256:da185cd2af68c08a6cd4481f7325ed600a88f6a813bad9dea07ab3ef73d8d8d6"
            ],
            "markers": "sys_platform == 'win32'",
            "version": "==2023.2.7"
        },
        "pluggy": {
            "hashes": [
                "sha256:2cffa88e94fdc978c4c574f15f9e59b7f4201d439195c3715ca9e2486f1d0cf1",
                "sha256:44e1ad92c8ca002de6377e165f3e0f1be63266ab4d554740532335b9d75ea669"
            ],
            "markers": "python_version >= '3.8'",
            "version": "==1.5.0"
        },
        "ptable": {
            "hashes": [
                "sha256:aa7fc151cb40f2dabcd2275ba6f7fd0ff8577a86be3365cd3fb297cbe09cc292"
            ],
            "index": "pypi",
            "version": "==0.9.2"
        },
        "pycodestyle": {
            "hashes": [
                "sha256:41ba0e7afc9752dfb53ced5489e89f8186be00e599e712660695b7a75ff2663f",
                "sha256:44fe31000b2d866f2e41841b18528a505fbd7fef9017b04eff4e2648a0fadc67"
            ],
            "index": "pypi",
            "version": "==2.11.1"
        },
        "pyflakes": {
            "hashes": [
                "sha256:1c61603ff154621fb2a9172037d84dca3500def8c8b630657d1701f026f8af3f",
                "sha256:84b5be138a2dfbb40689ca07e2152deb896a65c3a3e24c251c5c62489568074a"
            ],
            "markers": "python_version >= '3.8'",
            "version": "==3.2.0"
        },
        "pyinstaller": {
            "hashes": [
                "sha256:00996d2090734d9ae4a1e53ed40351b07d593c37118d3e0d435bbcfa8db9edee",
                "sha256:00d81ddeee97710245a7ed03b0f9d5a4daf6c3a07adf978487b10991e1e20470",
                "sha256:1fc15e8cebf76361568359a40926aa5746fc0a84ca365fb2ac6caeea014a2cd3",
                "sha256:2aa771693ee3e0a899be3e9d946a24eab9896a98d0d4035f05a22f1193004cfb",
                "sha256:7c4a55a5d872c118bc7a5e641c2df46ad18585c002d96adad129b4ee8c104463",
                "sha256:97197593344f11f3dd2bdadbab14c61fbc4cdf9cc692a89b047cb671764c1824",
                "sha256:abbd591967593dab264bcc3bcb2466c0a1582f19a112e37e916c4212069c7933",
                "sha256:b7cab21db6fcfbdab47ee960239d1b44cd95383a4463177bd592613941d67959",
                "sha256:be6bc2c3073d3e84fb7148d3af33ce9b6a7f01cfb154e06314cd1d4c05798a32",
                "sha256:cfe3ed214601de0723cb660994b44934efacb77a1cf0e4cc5133da996bcf36ce",
                "sha256:d2705efe79f8749526f65c4bce70ae88eea8b6adfb051f123122e86542fe3802",
                "sha256:e2f55fbbdf8a99ea84b39bc5669a68624473c303486d7eb2cd9063b339f0aa28"
            ],
            "index": "pypi",
            "version": "==6.6.0"
        },
        "pyinstaller-hooks-contrib": {
            "hashes": [
                "sha256:0852249b7fb1e9394f8f22af2c22fa5294c2c0366157969f98c96df62410c4c6",
                "sha256:aa5dee25ea7ca317ad46fa16b5afc8dba3b0e43f2847e498930138885efd3cab"
            ],
            "markers": "python_version >= '3.7'",
            "version": "==2024.5"
        },
        "pytest": {
            "hashes": [
                "sha256:1733f0620f6cda4095bbf0d9ff8022486e91892245bb9e7d5542c018f612f233",
                "sha256:d507d4482197eac0ba2bae2e9babf0672eb333017bcedaa5fb1a3d42c1174b3f"
            ],
            "index": "pypi",
            "version": "==8.2.0"
        },
        "pywin32-ctypes": {
            "hashes": [
                "sha256:3426e063bdd5fd4df74a14fa3cf80a0b42845a87e1d1e81f6549f9daec593a60",
                "sha256:bf490a1a709baf35d688fe0ecf980ed4de11d2b3e37b51e5442587a75d9957e7"
            ],
            "markers": "sys_platform == 'win32'",
            "version": "==0.2.2"
        },
        "setuptools": {
            "hashes": [
                "sha256:6c1fccdac05a97e598fb0ae3bbed5904ccb317337a51139dcd51453611bbb987",
                "sha256:c636ac361bc47580504644275c9ad802c50415c7522212252c033bd15f301f32"
            ],
            "markers": "python_version >= '3.8'",
            "version": "==69.5.1"
        }
    },
    "develop": {}
}
